
Microsoft Visual Studio Solution File, Format Version 12.00
# Visual Studio 15
Project("{FAE04EC0-301F-11D3-BF4B-00C04F79EFBC}") = "Mirror", "Mirror.csproj", "{268F9A7E-337C-6357-8FB0-3EA386323B28}"
EndProject
Project("{FAE04EC0-301F-11D3-BF4B-00C04F79EFBC}") = "Assembly-CSharp", "Assembly-CSharp.csproj", "{C8535EDC-9EF6-2CBD-03CA-E8FB50AB36FB}"
EndProject
Project("{FAE04EC0-301F-11D3-BF4B-00C04F79EFBC}") = "SimpleWebTransport", "SimpleWebTransport.csproj", "{3910901E-2FD9-413E-FC77-FE4897023A30}"
EndProject
Project("{FAE04EC0-301F-11D3-BF4B-00C04F79EFBC}") = "Mirror.Examples", "Mirror.Examples.csproj", "{E0B17293-40D6-A2F2-482B-13514D318DC7}"
EndProject
Project("{FAE04EC0-301F-11D3-BF4B-00C04F79EFBC}") = "Mirror.Components", "Mirror.Components.csproj", "{9D3AFD12-E529-A231-7466-F0A3D169590F}"
EndProject
Project("{FAE04EC0-301F-11D3-BF4B-00C04F79EFBC}") = "Telepathy", "Telepathy.csproj", "{A6F4B785-4053-EC0B-F592-3D152B06BBEB}"
EndProject
Project("{FAE04EC0-301F-11D3-BF4B-00C04F79EFBC}") = "Mirror.Authenticators", "Mirror.Authenticators.csproj", "{0479B37A-1EF9-BA1C-D31B-42C1EECB2411}"
EndProject
Project("{FAE04EC0-301F-11D3-BF4B-00C04F79EFBC}") = "kcp2k", "kcp2k.csproj", "{F9F0D1AC-26CA-85AB-8E9E-7441ACAF0483}"
EndProject
Project("{FAE04EC0-301F-11D3-BF4B-00C04F79EFBC}") = "Mirror.Examples.Cloud.GUI", "Mirror.Examples.Cloud.GUI.csproj", "{47BA4CF1-FD56-E005-0976-23FEE2FC686C}"
EndProject
Project("{FAE04EC0-301F-11D3-BF4B-00C04F79EFBC}") = "Mirror.Cloud", "Mirror.Cloud.csproj", "{726374B2-BE6F-02D3-4654-4095000BB075}"
EndProject
Project("{FAE04EC0-301F-11D3-BF4B-00C04F79EFBC}") = "Mirror.Examples.Cloud.Pong", "Mirror.Examples.Cloud.Pong.csproj", "{26449B36-960A-CA65-CFDA-0513F51A5C21}"
EndProject
Project("{FAE04EC0-301F-11D3-BF4B-00C04F79EFBC}") = "Mirror.Weaver", "Mirror.Weaver.csproj", "{F7AF67B7-E7A8-3556-6FDE-F0103BCD29F9}"
EndProject
Project("{FAE04EC0-301F-11D3-BF4B-00C04F79EFBC}") = "Mirror.Editor", "Mirror.Editor.csproj", "{896CA557-CE1B-AC8D-659C-A0DCF2BA7F1C}"
EndProject
Project("{FAE04EC0-301F-11D3-BF4B-00C04F79EFBC}") = "Mirror.CompilerSymbols", "Mirror.CompilerSymbols.csproj", "{CB8406CE-E408-8AA7-6CFB-CF2E77B7476F}"
EndProject
Project("{FAE04EC0-301F-11D3-BF4B-00C04F79EFBC}") = "Assembly-CSharp-Editor", "Assembly-CSharp-Editor.csproj", "{8AFF3E29-3006-D47A-96A9-97062BC478B9}"
EndProject
Global
	GlobalSection(SolutionConfigurationPlatforms) = preSolution
		Debug|Any CPU = Debug|Any CPU
		Release|Any CPU = Release|Any CPU
	EndGlobalSection
	GlobalSection(ProjectConfigurationPlatforms) = postSolution
		{268F9A7E-337C-6357-8FB0-3EA386323B28}.Debug|Any CPU.ActiveCfg = Debug|Any CPU
		{268F9A7E-337C-6357-8FB0-3EA386323B28}.Debug|Any CPU.Build.0 = Debug|Any CPU
		{268F9A7E-337C-6357-8FB0-3EA386323B28}.Release|Any CPU.ActiveCfg = Release|Any CPU
		{268F9A7E-337C-6357-8FB0-3EA386323B28}.Release|Any CPU.Build.0 = Release|Any CPU
		{C8535EDC-9EF6-2CBD-03CA-E8FB50AB36FB}.Debug|Any CPU.ActiveCfg = Debug|Any CPU
		{C8535EDC-9EF6-2CBD-03CA-E8FB50AB36FB}.Debug|Any CPU.Build.0 = Debug|Any CPU
		{C8535EDC-9EF6-2CBD-03CA-E8FB50AB36FB}.Release|Any CPU.ActiveCfg = Release|Any CPU
		{C8535EDC-9EF6-2CBD-03CA-E8FB50AB36FB}.Release|Any CPU.Build.0 = Release|Any CPU
		{3910901E-2FD9-413E-FC77-FE4897023A30}.Debug|Any CPU.ActiveCfg = Debug|Any CPU
		{3910901E-2FD9-413E-FC77-FE4897023A30}.Debug|Any CPU.Build.0 = Debug|Any CPU
		{3910901E-2FD9-413E-FC77-FE4897023A30}.Release|Any CPU.ActiveCfg = Release|Any CPU
		{3910901E-2FD9-413E-FC77-FE4897023A30}.Release|Any CPU.Build.0 = Release|Any CPU
		{E0B17293-40D6-A2F2-482B-13514D318DC7}.Debug|Any CPU.ActiveCfg = Debug|Any CPU
		{E0B17293-40D6-A2F2-482B-13514D318DC7}.Debug|Any CPU.Build.0 = Debug|Any CPU
		{E0B17293-40D6-A2F2-482B-13514D318DC7}.Release|Any CPU.ActiveCfg = Release|Any CPU
		{E0B17293-40D6-A2F2-482B-13514D318DC7}.Release|Any CPU.Build.0 = Release|Any CPU
		{9D3AFD12-E529-A231-7466-F0A3D169590F}.Debug|Any CPU.ActiveCfg = Debug|Any CPU
		{9D3AFD12-E529-A231-7466-F0A3D169590F}.Debug|Any CPU.Build.0 = Debug|Any CPU
		{9D3AFD12-E529-A231-7466-F0A3D169590F}.Release|Any CPU.ActiveCfg = Release|Any CPU
		{9D3AFD12-E529-A231-7466-F0A3D169590F}.Release|Any CPU.Build.0 = Release|Any CPU
		{A6F4B785-4053-EC0B-F592-3D152B06BBEB}.Debug|Any CPU.ActiveCfg = Debug|Any CPU
		{A6F4B785-4053-EC0B-F592-3D152B06BBEB}.Debug|Any CPU.Build.0 = Debug|Any CPU
		{A6F4B785-4053-EC0B-F592-3D152B06BBEB}.Release|Any CPU.ActiveCfg = Release|Any CPU
		{A6F4B785-4053-EC0B-F592-3D152B06BBEB}.Release|Any CPU.Build.0 = Release|Any CPU
		{0479B37A-1EF9-BA1C-D31B-42C1EECB2411}.Debug|Any CPU.ActiveCfg = Debug|Any CPU
		{0479B37A-1EF9-BA1C-D31B-42C1EECB2411}.Debug|Any CPU.Build.0 = Debug|Any CPU
		{0479B37A-1EF9-BA1C-D31B-42C1EECB2411}.Release|Any CPU.ActiveCfg = Release|Any CPU
		{0479B37A-1EF9-BA1C-D31B-42C1EECB2411}.Release|Any CPU.Build.0 = Release|Any CPU
		{F9F0D1AC-26CA-85AB-8E9E-7441ACAF0483}.Debug|Any CPU.ActiveCfg = Debug|Any CPU
		{F9F0D1AC-26CA-85AB-8E9E-7441ACAF0483}.Debug|Any CPU.Build.0 = Debug|Any CPU
		{F9F0D1AC-26CA-85AB-8E9E-7441ACAF0483}.Release|Any CPU.ActiveCfg = Release|Any CPU
		{F9F0D1AC-26CA-85AB-8E9E-7441ACAF0483}.Release|Any CPU.Build.0 = Release|Any CPU
		{47BA4CF1-FD56-E005-0976-23FEE2FC686C}.Debug|Any CPU.ActiveCfg = Debug|Any CPU
		{47BA4CF1-FD56-E005-0976-23FEE2FC686C}.Debug|Any CPU.Build.0 = Debug|Any CPU
		{47BA4CF1-FD56-E005-0976-23FEE2FC686C}.Release|Any CPU.ActiveCfg = Release|Any CPU
		{47BA4CF1-FD56-E005-0976-23FEE2FC686C}.Release|Any CPU.Build.0 = Release|Any CPU
		{726374B2-BE6F-02D3-4654-4095000BB075}.Debug|Any CPU.ActiveCfg = Debug|Any CPU
		{726374B2-BE6F-02D3-4654-4095000BB075}.Debug|Any CPU.Build.0 = Debug|Any CPU
		{726374B2-BE6F-02D3-4654-4095000BB075}.Release|Any CPU.ActiveCfg = Release|Any CPU
		{726374B2-BE6F-02D3-4654-4095000BB075}.Release|Any CPU.Build.0 = Release|Any CPU
		{26449B36-960A-CA65-CFDA-0513F51A5C21}.Debug|Any CPU.ActiveCfg = Debug|Any CPU
		{26449B36-960A-CA65-CFDA-0513F51A5C21}.Debug|Any CPU.Build.0 = Debug|Any CPU
		{26449B36-960A-CA65-CFDA-0513F51A5C21}.Release|Any CPU.ActiveCfg = Release|Any CPU
		{26449B36-960A-CA65-CFDA-0513F51A5C21}.Release|Any CPU.Build.0 = Release|Any CPU
		{F7AF67B7-E7A8-3556-6FDE-F0103BCD29F9}.Debug|Any CPU.ActiveCfg = Debug|Any CPU
		{F7AF67B7-E7A8-3556-6FDE-F0103BCD29F9}.Debug|Any CPU.Build.0 = Debug|Any CPU
		{F7AF67B7-E7A8-3556-6FDE-F0103BCD29F9}.Release|Any CPU.ActiveCfg = Release|Any CPU
		{F7AF67B7-E7A8-3556-6FDE-F0103BCD29F9}.Release|Any CPU.Build.0 = Release|Any CPU
		{896CA557-CE1B-AC8D-659C-A0DCF2BA7F1C}.Debug|Any CPU.ActiveCfg = Debug|Any CPU
		{896CA557-CE1B-AC8D-659C-A0DCF2BA7F1C}.Debug|Any CPU.Build.0 = Debug|Any CPU
		{896CA557-CE1B-AC8D-659C-A0DCF2BA7F1C}.Release|Any CPU.ActiveCfg = Release|Any CPU
		{896CA557-CE1B-AC8D-659C-A0DCF2BA7F1C}.Release|Any CPU.Build.0 = Release|Any CPU
		{CB8406CE-E408-8AA7-6CFB-CF2E77B7476F}.Debug|Any CPU.ActiveCfg = Debug|Any CPU
		{CB8406CE-E408-8AA7-6CFB-CF2E77B7476F}.Debug|Any CPU.Build.0 = Debug|Any CPU
		{CB8406CE-E408-8AA7-6CFB-CF2E77B7476F}.Release|Any CPU.ActiveCfg = Release|Any CPU
		{CB8406CE-E408-8AA7-6CFB-CF2E77B7476F}.Release|Any CPU.Build.0 = Release|Any CPU
		{8AFF3E29-3006-D47A-96A9-97062BC478B9}.Debug|Any CPU.ActiveCfg = Debug|Any CPU
		{8AFF3E29-3006-D47A-96A9-97062BC478B9}.Debug|Any CPU.Build.0 = Debug|Any CPU
		{8AFF3E29-3006-D47A-96A9-97062BC478B9}.Release|Any CPU.ActiveCfg = Release|Any CPU
		{8AFF3E29-3006-D47A-96A9-97062BC478B9}.Release|Any CPU.Build.0 = Release|Any CPU
	EndGlobalSection
	GlobalSection(SolutionProperties) = preSolution
		HideSolutionNode = FALSE
	EndGlobalSection
EndGlobal
